
Microsoft Visual Studio Solution File, Format Version 12.00
# Visual Studio Version 16
VisualStudioVersion = 16.0.32106.194
MinimumVisualStudioVersion = 10.0.40219.1
Project("{FAE04EC0-301F-11D3-BF4B-00C04F79EFBC}") = "MobileApp.UWP", "MobileApp\MobileApp.UWP\MobileApp.UWP.csproj", "{E288BB9D-33B7-4BA0-A897-549E7DEA4673}"
EndProject
Project("{FAE04EC0-301F-11D3-BF4B-00C04F79EFBC}") = "MobileApp.Android", "MobileApp\MobileApp.Android\MobileApp.Android.csproj", "{2CA9AC3F-F8FE-4854-AF2F-631261186E8A}"
EndProject
Project("{FAE04EC0-301F-11D3-BF4B-00C04F79EFBC}") = "MobileApp.iOS", "MobileApp\MobileApp.iOS\MobileApp.iOS.csproj", "{7E29D299-E037-47A3-B3AC-984D7A0DA26E}"
EndProject
Project("{FAE04EC0-301F-11D3-BF4B-00C04F79EFBC}") = "MobileApp", "MobileApp\MobileApp\MobileApp.csproj", "{5420E55C-B38D-4A0E-95A3-53026E5A1EB5}"
EndProject
Global
	GlobalSection(SolutionConfigurationPlatforms) = preSolution
		Debug|Any CPU = Debug|Any CPU
		Debug|ARM = Debug|ARM
		Debug|iPhone = Debug|iPhone
		Debug|iPhoneSimulator = Debug|iPhoneSimulator
		Debug|x64 = Debug|x64
		Debug|x86 = Debug|x86
		Release|Any CPU = Release|Any CPU
		Release|ARM = Release|ARM
		Release|iPhone = Release|iPhone
		Release|iPhoneSimulator = Release|iPhoneSimulator
		Release|x64 = Release|x64
		Release|x86 = Release|x86
	EndGlobalSection
	GlobalSection(ProjectConfigurationPlatforms) = postSolution
		{E288BB9D-33B7-4BA0-A897-549E7DEA4673}.Debug|Any CPU.ActiveCfg = Debug|x86
		{E288BB9D-33B7-4BA0-A897-549E7DEA4673}.Debug|Any CPU.Build.0 = Debug|x86
		{E288BB9D-33B7-4BA0-A897-549E7DEA4673}.Debug|Any CPU.Deploy.0 = Debug|x86
		{E288BB9D-33B7-4BA0-A897-549E7DEA4673}.Debug|ARM.ActiveCfg = Debug|ARM
		{E288BB9D-33B7-4BA0-A897-549E7DEA4673}.Debug|ARM.Build.0 = Debug|ARM
		{E288BB9D-33B7-4BA0-A897-549E7DEA4673}.Debug|ARM.Deploy.0 = Debug|ARM
		{E288BB9D-33B7-4BA0-A897-549E7DEA4673}.Debug|iPhone.ActiveCfg = Debug|x86
		{E288BB9D-33B7-4BA0-A897-549E7DEA4673}.Debug|iPhone.Build.0 = Debug|x86
		{E288BB9D-33B7-4BA0-A897-549E7DEA4673}.Debug|iPhone.Deploy.0 = Debug|x86
		{E288BB9D-33B7-4BA0-A897-549E7DEA4673}.Debug|iPhoneSimulator.ActiveCfg = Debug|x86
		{E288BB9D-33B7-4BA0-A897-549E7DEA4673}.Debug|iPhoneSimulator.Build.0 = Debug|x86
		{E288BB9D-33B7-4BA0-A897-549E7DEA4673}.Debug|iPhoneSimulator.Deploy.0 = Debug|x86
		{E288BB9D-33B7-4BA0-A897-549E7DEA4673}.Debug|x64.ActiveCfg = Debug|x64
		{E288BB9D-33B7-4BA0-A897-549E7DEA4673}.Debug|x64.Build.0 = Debug|x64
		{E288BB9D-33B7-4BA0-A897-549E7DEA4673}.Debug|x64.Deploy.0 = Debug|x64
		{E288BB9D-33B7-4BA0-A897-549E7DEA4673}.Debug|x86.ActiveCfg = Debug|x86
		{E288BB9D-33B7-4BA0-A897-549E7DEA4673}.Debug|x86.Build.0 = Debug|x86
		{E288BB9D-33B7-4BA0-A897-549E7DEA4673}.Debug|x86.Deploy.0 = Debug|x86
		{E288BB9D-33B7-4BA0-A897-549E7DEA4673}.Release|Any CPU.ActiveCfg = Release|x86
		{E288BB9D-33B7-4BA0-A897-549E7DEA4673}.Release|Any CPU.Build.0 = Release|x86
		{E288BB9D-33B7-4BA0-A897-549E7DEA4673}.Release|Any CPU.Deploy.0 = Release|x86
		{E288BB9D-33B7-4BA0-A897-549E7DEA4673}.Release|ARM.ActiveCfg = Release|ARM
		{E288BB9D-33B7-4BA0-A897-549E7DEA4673}.Release|ARM.Build.0 = Release|ARM
		{E288BB9D-33B7-4BA0-A897-549E7DEA4673}.Release|ARM.Deploy.0 = Release|ARM
		{E288BB9D-33B7-4BA0-A897-549E7DEA4673}.Release|iPhone.ActiveCfg = Release|x86
		{E288BB9D-33B7-4BA0-A897-549E7DEA4673}.Release|iPhone.Build.0 = Release|x86
		{E288BB9D-33B7-4BA0-A897-549E7DEA4673}.Release|iPhone.Deploy.0 = Release|x86
		{E288BB9D-33B7-4BA0-A897-549E7DEA4673}.Release|iPhoneSimulator.ActiveCfg = Release|x86
		{E288BB9D-33B7-4BA0-A897-549E7DEA4673}.Release|iPhoneSimulator.Build.0 = Release|x86
		{E288BB9D-33B7-4BA0-A897-549E7DEA4673}.Release|iPhoneSimulator.Deploy.0 = Release|x86
		{E288BB9D-33B7-4BA0-A897-549E7DEA4673}.Release|x64.ActiveCfg = Release|x64
		{E288BB9D-33B7-4BA0-A897-549E7DEA4673}.Release|x64.Build.0 = Release|x64
		{E288BB9D-33B7-4BA0-A897-549E7DEA4673}.Release|x64.Deploy.0 = Release|x64
		{E288BB9D-33B7-4BA0-A897-549E7DEA4673}.Release|x86.ActiveCfg = Release|x86
		{E288BB9D-33B7-4BA0-A897-549E7DEA4673}.Release|x86.Build.0 = Release|x86
		{E288BB9D-33B7-4BA0-A897-549E7DEA4673}.Release|x86.Deploy.0 = Release|x86
		{2CA9AC3F-F8FE-4854-AF2F-631261186E8A}.Debug|Any CPU.ActiveCfg = Debug|Any CPU
		{2CA9AC3F-F8FE-4854-AF2F-631261186E8A}.Debug|Any CPU.Build.0 = Debug|Any CPU
		{2CA9AC3F-F8FE-4854-AF2F-631261186E8A}.Debug|Any CPU.Deploy.0 = Debug|Any CPU
		{2CA9AC3F-F8FE-4854-AF2F-631261186E8A}.Debug|ARM.ActiveCfg = Debug|Any CPU
		{2CA9AC3F-F8FE-4854-AF2F-631261186E8A}.Debug|ARM.Build.0 = Debug|Any CPU
		{2CA9AC3F-F8FE-4854-AF2F-631261186E8A}.Debug|ARM.Deploy.0 = Debug|Any CPU
		{2CA9AC3F-F8FE-4854-AF2F-631261186E8A}.Debug|iPhone.ActiveCfg = Debug|Any CPU
		{2CA9AC3F-F8FE-4854-AF2F-631261186E8A}.Debug|iPhone.Build.0 = Debug|Any CPU
		{2CA9AC3F-F8FE-4854-AF2F-631261186E8A}.Debug|iPhone.Deploy.0 = Debug|Any CPU
		{2CA9AC3F-F8FE-4854-AF2F-631261186E8A}.Debug|iPhoneSimulator.ActiveCfg = Debug|Any CPU
		{2CA9AC3F-F8FE-4854-AF2F-631261186E8A}.Debug|iPhoneSimulator.Build.0 = Debug|Any CPU
		{2CA9AC3F-F8FE-4854-AF2F-631261186E8A}.Debug|iPhoneSimulator.Deploy.0 = Debug|Any CPU
		{2CA9AC3F-F8FE-4854-AF2F-631261186E8A}.Debug|x64.ActiveCfg = Debug|Any CPU
		{2CA9AC3F-F8FE-4854-AF2F-631261186E8A}.Debug|x64.Build.0 = Debug|Any CPU
		{2CA9AC3F-F8FE-4854-AF2F-631261186E8A}.Debug|x64.Deploy.0 = Debug|Any CPU
		{2CA9AC3F-F8FE-4854-AF2F-631261186E8A}.Debug|x86.ActiveCfg = Debug|Any CPU
		{2CA9AC3F-F8FE-4854-AF2F-631261186E8A}.Debug|x86.Build.0 = Debug|Any CPU
		{2CA9AC3F-F8FE-4854-AF2F-631261186E8A}.Debug|x86.Deploy.0 = Debug|Any CPU
		{2CA9AC3F-F8FE-4854-AF2F-631261186E8A}.Release|Any CPU.ActiveCfg = Release|Any CPU
		{2CA9AC3F-F8FE-4854-AF2F-631261186E8A}.Release|Any CPU.Build.0 = Release|Any CPU
		{2CA9AC3F-F8FE-4854-AF2F-631261186E8A}.Release|Any CPU.Deploy.0 = Release|Any CPU
		{2CA9AC3F-F8FE-4854-AF2F-631261186E8A}.Release|ARM.ActiveCfg = Release|Any CPU
		{2CA9AC3F-F8FE-4854-AF2F-631261186E8A}.Release|ARM.Build.0 = Release|Any CPU
		{2CA9AC3F-F8FE-4854-AF2F-631261186E8A}.Release|ARM.Deploy.0 = Release|Any CPU
		{2CA9AC3F-F8FE-4854-AF2F-631261186E8A}.Release|iPhone.ActiveCfg = Release|Any CPU
		{2CA9AC3F-F8FE-4854-AF2F-631261186E8A}.Release|iPhone.Build.0 = Release|Any CPU
		{2CA9AC3F-F8FE-4854-AF2F-631261186E8A}.Release|iPhone.Deploy.0 = Release|Any CPU
		{2CA9AC3F-F8FE-4854-AF2F-631261186E8A}.Release|iPhoneSimulator.ActiveCfg = Release|Any CPU
		{2CA9AC3F-F8FE-4854-AF2F-631261186E8A}.Release|iPhoneSimulator.Build.0 = Release|Any CPU
		{2CA9AC3F-F8FE-4854-AF2F-631261186E8A}.Release|iPhoneSimulator.Deploy.0 = Release|Any CPU
		{2CA9AC3F-F8FE-4854-AF2F-631261186E8A}.Release|x64.ActiveCfg = Release|Any CPU
		{2CA9AC3F-F8FE-4854-AF2F-631261186E8A}.Release|x64.Build.0 = Release|Any CPU
		{2CA9AC3F-F8FE-4854-AF2F-631261186E8A}.Release|x64.Deploy.0 = Release|Any CPU
		{2CA9AC3F-F8FE-4854-AF2F-631261186E8A}.Release|x86.ActiveCfg = Release|Any CPU
		{2CA9AC3F-F8FE-4854-AF2F-631261186E8A}.Release|x86.Build.0 = Release|Any CPU
		{2CA9AC3F-F8FE-4854-AF2F-631261186E8A}.Release|x86.Deploy.0 = Release|Any CPU
		{7E29D299-E037-47A3-B3AC-984D7A0DA26E}.Debug|Any CPU.ActiveCfg = Debug|iPhoneSimulator
		{7E29D299-E037-47A3-B3AC-984D7A0DA26E}.Debug|Any CPU.Build.0 = Debug|iPhoneSimulator
		{7E29D299-E037-47A3-B3AC-984D7A0DA26E}.Debug|Any CPU.Deploy.0 = Debug|iPhoneSimulator
		{7E29D299-E037-47A3-B3AC-984D7A0DA26E}.Debug|ARM.ActiveCfg = Debug|iPhone
		{7E29D299-E037-47A3-B3AC-984D7A0DA26E}.Debug|ARM.Build.0 = Debug|iPhone
		{7E29D299-E037-47A3-B3AC-984D7A0DA26E}.Debug|ARM.Deploy.0 = Debug|iPhone
		{7E29D299-E037-47A3-B3AC-984D7A0DA26E}.Debug|iPhone.ActiveCfg = Debug|iPhone
		{7E29D299-E037-47A3-B3AC-984D7A0DA26E}.Debug|iPhone.Build.0 = Debug|iPhone
		{7E29D299-E037-47A3-B3AC-984D7A0DA26E}.Debug|iPhone.Deploy.0 = Debug|iPhone
		{7E29D299-E037-47A3-B3AC-984D7A0DA26E}.Debug|iPhoneSimulator.ActiveCfg = Debug|iPhoneSimulator
		{7E29D299-E037-47A3-B3AC-984D7A0DA26E}.Debug|iPhoneSimulator.Build.0 = Debug|iPhoneSimulator
		{7E29D299-E037-47A3-B3AC-984D7A0DA26E}.Debug|iPhoneSimulator.Deploy.0 = Debug|iPhoneSimulator
		{7E29D299-E037-47A3-B3AC-984D7A0DA26E}.Debug|x64.ActiveCfg = Debug|iPhoneSimulator
		{7E29D299-E037-47A3-B3AC-984D7A0DA26E}.Debug|x64.Build.0 = Debug|iPhoneSimulator
		{7E29D299-E037-47A3-B3AC-984D7A0DA26E}.Debug|x64.Deploy.0 = Debug|iPhoneSimulator
		{7E29D299-E037-47A3-B3AC-984D7A0DA26E}.Debug|x86.ActiveCfg = Debug|iPhoneSimulator
		{7E29D299-E037-47A3-B3AC-984D7A0DA26E}.Debug|x86.Build.0 = Debug|iPhoneSimulator
		{7E29D299-E037-47A3-B3AC-984D7A0DA26E}.Debug|x86.Deploy.0 = Debug|iPhoneSimulator
		{7E29D299-E037-47A3-B3AC-984D7A0DA26E}.Release|Any CPU.ActiveCfg = Release|iPhoneSimulator
		{7E29D299-E037-47A3-B3AC-984D7A0DA26E}.Release|Any CPU.Build.0 = Release|iPhoneSimulator
		{7E29D299-E037-47A3-B3AC-984D7A0DA26E}.Release|Any CPU.Deploy.0 = Release|iPhoneSimulator
		{7E29D299-E037-47A3-B3AC-984D7A0DA26E}.Release|ARM.ActiveCfg = Release|iPhoneSimulator
		{7E29D299-E037-47A3-B3AC-984D7A0DA26E}.Release|ARM.Build.0 = Release|iPhoneSimulator
		{7E29D299-E037-47A3-B3AC-984D7A0DA26E}.Release|ARM.Deploy.0 = Release|iPhoneSimulator
		{7E29D299-E037-47A3-B3AC-984D7A0DA26E}.Release|iPhone.ActiveCfg = Release|iPhone
		{7E29D299-E037-47A3-B3AC-984D7A0DA26E}.Release|iPhone.Build.0 = Release|iPhone
		{7E29D299-E037-47A3-B3AC-984D7A0DA26E}.Release|iPhone.Deploy.0 = Release|iPhone
		{7E29D299-E037-47A3-B3AC-984D7A0DA26E}.Release|iPhoneSimulator.ActiveCfg = Release|iPhoneSimulator
		{7E29D299-E037-47A3-B3AC-984D7A0DA26E}.Release|iPhoneSimulator.Build.0 = Release|iPhoneSimulator
		{7E29D299-E037-47A3-B3AC-984D7A0DA26E}.Release|iPhoneSimulator.Deploy.0 = Release|iPhoneSimulator
		{7E29D299-E037-47A3-B3AC-984D7A0DA26E}.Release|x64.ActiveCfg = Release|iPhoneSimulator
		{7E29D299-E037-47A3-B3AC-984D7A0DA26E}.Release|x64.Build.0 = Release|iPhoneSimulator
		{7E29D299-E037-47A3-B3AC-984D7A0DA26E}.Release|x64.Deploy.0 = Release|iPhoneSimulator
		{7E29D299-E037-47A3-B3AC-984D7A0DA26E}.Release|x86.ActiveCfg = Release|iPhoneSimulator
		{7E29D299-E037-47A3-B3AC-984D7A0DA26E}.Release|x86.Build.0 = Release|iPhoneSimulator
		{7E29D299-E037-47A3-B3AC-984D7A0DA26E}.Release|x86.Deploy.0 = Release|iPhoneSimulator
		{5420E55C-B38D-4A0E-95A3-53026E5A1EB5}.Debug|Any CPU.ActiveCfg = Debug|Any CPU
		{5420E55C-B38D-4A0E-95A3-53026E5A1EB5}.Debug|Any CPU.Build.0 = Debug|Any CPU
		{5420E55C-B38D-4A0E-95A3-53026E5A1EB5}.Debug|Any CPU.Deploy.0 = Debug|Any CPU
		{5420E55C-B38D-4A0E-95A3-53026E5A1EB5}.Debug|ARM.ActiveCfg = Debug|Any CPU
		{5420E55C-B38D-4A0E-95A3-53026E5A1EB5}.Debug|ARM.Build.0 = Debug|Any CPU
		{5420E55C-B38D-4A0E-95A3-53026E5A1EB5}.Debug|ARM.Deploy.0 = Debug|Any CPU
		{5420E55C-B38D-4A0E-95A3-53026E5A1EB5}.Debug|iPhone.ActiveCfg = Debug|Any CPU
		{5420E55C-B38D-4A0E-95A3-53026E5A1EB5}.Debug|iPhone.Build.0 = Debug|Any CPU
		{5420E55C-B38D-4A0E-95A3-53026E5A1EB5}.Debug|iPhone.Deploy.0 = Debug|Any CPU
		{5420E55C-B38D-4A0E-95A3-53026E5A1EB5}.Debug|iPhoneSimulator.ActiveCfg = Debug|Any CPU
		{5420E55C-B38D-4A0E-95A3-53026E5A1EB5}.Debug|iPhoneSimulator.Build.0 = Debug|Any CPU
		{5420E55C-B38D-4A0E-95A3-53026E5A1EB5}.Debug|iPhoneSimulator.Deploy.0 = Debug|Any CPU
		{5420E55C-B38D-4A0E-95A3-53026E5A1EB5}.Debug|x64.ActiveCfg = Debug|Any CPU
		{5420E55C-B38D-4A0E-95A3-53026E5A1EB5}.Debug|x64.Build.0 = Debug|Any CPU
		{5420E55C-B38D-4A0E-95A3-53026E5A1EB5}.Debug|x64.Deploy.0 = Debug|Any CPU
		{5420E55C-B38D-4A0E-95A3-53026E5A1EB5}.Debug|x86.ActiveCfg = Debug|Any CPU
		{5420E55C-B38D-4A0E-95A3-53026E5A1EB5}.Debug|x86.Build.0 = Debug|Any CPU
		{5420E55C-B38D-4A0E-95A3-53026E5A1EB5}.Debug|x86.Deploy.0 = Debug|Any CPU
		{5420E55C-B38D-4A0E-95A3-53026E5A1EB5}.Release|Any CPU.ActiveCfg = Release|Any CPU
		{5420E55C-B38D-4A0E-95A3-53026E5A1EB5}.Release|Any CPU.Build.0 = Release|Any CPU
		{5420E55C-B38D-4A0E-95A3-53026E5A1EB5}.Release|Any CPU.Deploy.0 = Release|Any CPU
		{5420E55C-B38D-4A0E-95A3-53026E5A1EB5}.Release|ARM.ActiveCfg = Release|Any CPU
		{5420E55C-B38D-4A0E-95A3-53026E5A1EB5}.Release|ARM.Build.0 = Release|Any CPU
		{5420E55C-B38D-4A0E-95A3-53026E5A1EB5}.Release|ARM.Deploy.0 = Release|Any CPU
		{5420E55C-B38D-4A0E-95A3-53026E5A1EB5}.Release|iPhone.ActiveCfg = Release|Any CPU
		{5420E55C-B38D-4A0E-95A3-53026E5A1EB5}.Release|iPhone.Build.0 = Release|Any CPU
		{5420E55C-B38D-4A0E-95A3-53026E5A1EB5}.Release|iPhone.Deploy.0 = Release|Any CPU
		{5420E55C-B38D-4A0E-95A3-53026E5A1EB5}.Release|iPhoneSimulator.ActiveCfg = Release|Any CPU
		{5420E55C-B38D-4A0E-95A3-53026E5A1EB5}.Release|iPhoneSimulator.Build.0 = Release|Any CPU
		{5420E55C-B38D-4A0E-95A3-53026E5A1EB5}.Release|iPhoneSimulator.Deploy.0 = Release|Any CPU
		{5420E55C-B38D-4A0E-95A3-53026E5A1EB5}.Release|x64.ActiveCfg = Release|Any CPU
		{5420E55C-B38D-4A0E-95A3-53026E5A1EB5}.Release|x64.Build.0 = Release|Any CPU
		{5420E55C-B38D-4A0E-95A3-53026E5A1EB5}.Release|x64.Deploy.0 = Release|Any CPU
		{5420E55C-B38D-4A0E-95A3-53026E5A1EB5}.Release|x86.ActiveCfg = Release|Any CPU
		{5420E55C-B38D-4A0E-95A3-53026E5A1EB5}.Release|x86.Build.0 = Release|Any CPU
		{5420E55C-B38D-4A0E-95A3-53026E5A1EB5}.Release|x86.Deploy.0 = Release|Any CPU
	EndGlobalSection
	GlobalSection(SolutionProperties) = preSolution
		HideSolutionNode = FALSE
	EndGlobalSection
	GlobalSection(ExtensibilityGlobals) = postSolution
		SolutionGuid = {3E93CE09-659D-49F3-AAF8-00848D8BED08}
	EndGlobalSection
EndGlobal
